Microsoft Visual Studio Solution File, Format Version 12.00
# Visual Studio 2012
Project("{FAE04EC0-301F-11D3-BF4B-00C04F79EFBC}") = "DnD-Map-Creator", "DnD-Map-Creator.csproj", "{7074DA26-1EF7-43CB-A349-760314561DE2}"
EndProject
Global
	GlobalSection(SolutionConfigurationPlatforms) = preSolution
	Debug|Any CPU = Debug|Any CPU
	ExportDebug|Any CPU = ExportDebug|Any CPU
	ExportRelease|Any CPU = ExportRelease|Any CPU
	EndGlobalSection
	GlobalSection(ProjectConfigurationPlatforms) = postSolution
		{7074DA26-1EF7-43CB-A349-760314561DE2}.Debug|Any CPU.ActiveCfg = Debug|Any CPU
		{7074DA26-1EF7-43CB-A349-760314561DE2}.Debug|Any CPU.Build.0 = Debug|Any CPU
		{7074DA26-1EF7-43CB-A349-760314561DE2}.ExportDebug|Any CPU.ActiveCfg = ExportDebug|Any CPU
		{7074DA26-1EF7-43CB-A349-760314561DE2}.ExportDebug|Any CPU.Build.0 = ExportDebug|Any CPU
		{7074DA26-1EF7-43CB-A349-760314561DE2}.ExportRelease|Any CPU.ActiveCfg = ExportRelease|Any CPU
		{7074DA26-1EF7-43CB-A349-760314561DE2}.ExportRelease|Any CPU.Build.0 = ExportRelease|Any CPU
	EndGlobalSection
EndGlobal
